
Microsoft Visual Studio Solution File, Format Version 12.00
# Visual Studio Version 17
VisualStudioVersion = 17.0.32014.148
MinimumVisualStudioVersion = 10.0.40219.1
Project("{9A19103F-16F7-4668-BE54-9A1E7A4F7556}") = "ProductAPI", "ProductAPI\ProductAPI.csproj", "{C8E78472-EEDE-43BF-868C-415FB3CAA8F7}"
EndProject
Project("{9A19103F-16F7-4668-BE54-9A1E7A4F7556}") = "Web.Data", "Web.Data\Web.Data.csproj", "{4C06B202-3BE7-4B0D-9D28-D0A404093C6F}"
EndProject
Project("{FAE04EC0-301F-11D3-BF4B-00C04F79EFBC}") = "Web.Services", "Web.Services\Web.Services.csproj", "{33363136-0E37-4935-88F1-4C687369E78A}"
EndProject
Global
	GlobalSection(SolutionConfigurationPlatforms) = preSolution
		Debug|Any CPU = Debug|Any CPU
		Release|Any CPU = Release|Any CPU
	EndGlobalSection
	GlobalSection(ProjectConfigurationPlatforms) = postSolution
		{C8E78472-EEDE-43BF-868C-415FB3CAA8F7}.Debug|Any CPU.ActiveCfg = Debug|Any CPU
		{C8E78472-EEDE-43BF-868C-415FB3CAA8F7}.Debug|Any CPU.Build.0 = Debug|Any CPU
		{C8E78472-EEDE-43BF-868C-415FB3CAA8F7}.Release|Any CPU.ActiveCfg = Release|Any CPU
		{C8E78472-EEDE-43BF-868C-415FB3CAA8F7}.Release|Any CPU.Build.0 = Release|Any CPU
		{4C06B202-3BE7-4B0D-9D28-D0A404093C6F}.Debug|Any CPU.ActiveCfg = Debug|Any CPU
		{4C06B202-3BE7-4B0D-9D28-D0A404093C6F}.Debug|Any CPU.Build.0 = Debug|Any CPU
		{4C06B202-3BE7-4B0D-9D28-D0A404093C6F}.Release|Any CPU.ActiveCfg = Release|Any CPU
		{4C06B202-3BE7-4B0D-9D28-D0A404093C6F}.Release|Any CPU.Build.0 = Release|Any CPU
		{33363136-0E37-4935-88F1-4C687369E78A}.Debug|Any CPU.ActiveCfg = Debug|Any CPU
		{33363136-0E37-4935-88F1-4C687369E78A}.Debug|Any CPU.Build.0 = Debug|Any CPU
		{33363136-0E37-4935-88F1-4C687369E78A}.Release|Any CPU.ActiveCfg = Release|Any CPU
		{33363136-0E37-4935-88F1-4C687369E78A}.Release|Any CPU.Build.0 = Release|Any CPU
	EndGlobalSection
	GlobalSection(SolutionProperties) = preSolution
		HideSolutionNode = FALSE
	EndGlobalSection
	GlobalSection(ExtensibilityGlobals) = postSolution
		SolutionGuid = {F14D54E4-25FD-41E0-ADE6-F4C4831AB487}
	EndGlobalSection
EndGlobal
